
Microsoft Visual Studio Solution File, Format Version 12.00
# Visual Studio 2015
Project("{FAE04EC0-301F-11D3-BF4B-00C04F79EFBC}") = "tileMovement.CSharp", "tileMovement.CSharp.csproj", "{E4DCD8D2-AFE7-6D54-512D-34ED2C42792A}"
EndProject
Global
	GlobalSection(SolutionConfigurationPlatforms) = preSolution
		Debug|Any CPU = Debug|Any CPU
		Release|Any CPU = Release|Any CPU
	EndGlobalSection
	GlobalSection(ProjectConfigurationPlatforms) = postSolution
		{E4DCD8D2-AFE7-6D54-512D-34ED2C42792A}.Debug|Any CPU.ActiveCfg = Debug|Any CPU
		{E4DCD8D2-AFE7-6D54-512D-34ED2C42792A}.Debug|Any CPU.Build.0 = Debug|Any CPU
		{E4DCD8D2-AFE7-6D54-512D-34ED2C42792A}.Release|Any CPU.ActiveCfg = Release|Any CPU
		{E4DCD8D2-AFE7-6D54-512D-34ED2C42792A}.Release|Any CPU.Build.0 = Release|Any CPU
	EndGlobalSection
	GlobalSection(SolutionProperties) = preSolution
		HideSolutionNode = FALSE
	EndGlobalSection
EndGlobal
